
Microsoft Visual Studio Solution File, Format Version 12.00
# Visual Studio Version 17
VisualStudioVersion = 17.10.35027.167
MinimumVisualStudioVersion = 10.0.40219.1
Project("{9A19103F-16F7-4668-BE54-9A1E7A4F7556}") = "MadnessMethodsTest", "MadnessMethodsTest\MadnessMethodsTest.csproj", "{BD073C25-13DF-4983-927D-C0097A5A0418}"
EndProject
Project("{9A19103F-16F7-4668-BE54-9A1E7A4F7556}") = "MadnessMethodsClass", "MadnessMethodsClass\MadnessMethodsClass.csproj", "{DF649EA9-5C5A-4C6E-89A4-9A0FF876EA11}"
EndProject
Project("{FAE04EC0-301F-11D3-BF4B-00C04F79EFBC}") = "MadnessMethodsClassTests1", "MadnessMethodsClassTests1\MadnessMethodsClassTests1.csproj", "{043D66C5-020D-4330-885F-D52C4E41AD08}"
EndProject
Global
	GlobalSection(SolutionConfigurationPlatforms) = preSolution
		Debug|Any CPU = Debug|Any CPU
		Release|Any CPU = Release|Any CPU
	EndGlobalSection
	GlobalSection(ProjectConfigurationPlatforms) = postSolution
		{BD073C25-13DF-4983-927D-C0097A5A0418}.Debug|Any CPU.ActiveCfg = Debug|Any CPU
		{BD073C25-13DF-4983-927D-C0097A5A0418}.Debug|Any CPU.Build.0 = Debug|Any CPU
		{BD073C25-13DF-4983-927D-C0097A5A0418}.Release|Any CPU.ActiveCfg = Release|Any CPU
		{BD073C25-13DF-4983-927D-C0097A5A0418}.Release|Any CPU.Build.0 = Release|Any CPU
		{DF649EA9-5C5A-4C6E-89A4-9A0FF876EA11}.Debug|Any CPU.ActiveCfg = Debug|Any CPU
		{DF649EA9-5C5A-4C6E-89A4-9A0FF876EA11}.Debug|Any CPU.Build.0 = Debug|Any CPU
		{DF649EA9-5C5A-4C6E-89A4-9A0FF876EA11}.Release|Any CPU.ActiveCfg = Release|Any CPU
		{DF649EA9-5C5A-4C6E-89A4-9A0FF876EA11}.Release|Any CPU.Build.0 = Release|Any CPU
		{043D66C5-020D-4330-885F-D52C4E41AD08}.Debug|Any CPU.ActiveCfg = Debug|Any CPU
		{043D66C5-020D-4330-885F-D52C4E41AD08}.Debug|Any CPU.Build.0 = Debug|Any CPU
		{043D66C5-020D-4330-885F-D52C4E41AD08}.Release|Any CPU.ActiveCfg = Release|Any CPU
		{043D66C5-020D-4330-885F-D52C4E41AD08}.Release|Any CPU.Build.0 = Release|Any CPU
	EndGlobalSection
	GlobalSection(SolutionProperties) = preSolution
		HideSolutionNode = FALSE
	EndGlobalSection
	GlobalSection(ExtensibilityGlobals) = postSolution
		        SolutionGuid = {6C5A4EF6-5BFA-42A3-80F6-50447DBC2B62}
		SolutionGuid = {79BBC97F-4777-4B27-8566-93EF542913A0}
	EndGlobalSection
EndGlobal
