
Microsoft Visual Studio Solution File, Format Version 12.00
# Visual Studio Version 17
VisualStudioVersion = 17.10.35027.167
MinimumVisualStudioVersion = 10.0.40219.1
Project("{9A19103F-16F7-4668-BE54-9A1E7A4F7556}") = "mm1", "mm1.csproj", "{4FEA54F2-2607-4CDD-95AD-6E987C2E7DBD}"
EndProject
Project("{9A19103F-16F7-4668-BE54-9A1E7A4F7556}") = "FindOddInt", "..\FindOddInt\FindOddInt.csproj", "{AA5D8A8B-A09A-4317-8A50-292B7353D541}"
EndProject
Project("{9A19103F-16F7-4668-BE54-9A1E7A4F7556}") = "HighestLowest", "..\HighestLowest\HighestLowest.csproj", "{55B93A64-F05F-4FD5-8D83-CD1D0D4E8278}"
EndProject
Project("{9A19103F-16F7-4668-BE54-9A1E7A4F7556}") = "HighestLowestTest", "..\HighestLowestTest\HighestLowestTest.csproj", "{B223DE3A-F3F8-4159-BAB8-65FD616EC400}"
EndProject
Project("{9A19103F-16F7-4668-BE54-9A1E7A4F7556}") = "FindOddIntTest", "..\FindOddIntTest\FindOddIntTest.csproj", "{318CC8B6-2761-4DDE-9090-D2889806B262}"
EndProject
Global
	GlobalSection(SolutionConfigurationPlatforms) = preSolution
		Debug|Any CPU = Debug|Any CPU
		Release|Any CPU = Release|Any CPU
	EndGlobalSection
	GlobalSection(ProjectConfigurationPlatforms) = postSolution
		{4FEA54F2-2607-4CDD-95AD-6E987C2E7DBD}.Debug|Any CPU.ActiveCfg = Debug|Any CPU
		{4FEA54F2-2607-4CDD-95AD-6E987C2E7DBD}.Debug|Any CPU.Build.0 = Debug|Any CPU
		{4FEA54F2-2607-4CDD-95AD-6E987C2E7DBD}.Release|Any CPU.ActiveCfg = Release|Any CPU
		{4FEA54F2-2607-4CDD-95AD-6E987C2E7DBD}.Release|Any CPU.Build.0 = Release|Any CPU
		{AA5D8A8B-A09A-4317-8A50-292B7353D541}.Debug|Any CPU.ActiveCfg = Debug|Any CPU
		{AA5D8A8B-A09A-4317-8A50-292B7353D541}.Debug|Any CPU.Build.0 = Debug|Any CPU
		{AA5D8A8B-A09A-4317-8A50-292B7353D541}.Release|Any CPU.ActiveCfg = Release|Any CPU
		{AA5D8A8B-A09A-4317-8A50-292B7353D541}.Release|Any CPU.Build.0 = Release|Any CPU
		{55B93A64-F05F-4FD5-8D83-CD1D0D4E8278}.Debug|Any CPU.ActiveCfg = Debug|Any CPU
		{55B93A64-F05F-4FD5-8D83-CD1D0D4E8278}.Debug|Any CPU.Build.0 = Debug|Any CPU
		{55B93A64-F05F-4FD5-8D83-CD1D0D4E8278}.Release|Any CPU.ActiveCfg = Release|Any CPU
		{55B93A64-F05F-4FD5-8D83-CD1D0D4E8278}.Release|Any CPU.Build.0 = Release|Any CPU
		{B223DE3A-F3F8-4159-BAB8-65FD616EC400}.Debug|Any CPU.ActiveCfg = Debug|Any CPU
		{B223DE3A-F3F8-4159-BAB8-65FD616EC400}.Debug|Any CPU.Build.0 = Debug|Any CPU
		{B223DE3A-F3F8-4159-BAB8-65FD616EC400}.Release|Any CPU.ActiveCfg = Release|Any CPU
		{B223DE3A-F3F8-4159-BAB8-65FD616EC400}.Release|Any CPU.Build.0 = Release|Any CPU
		{318CC8B6-2761-4DDE-9090-D2889806B262}.Debug|Any CPU.ActiveCfg = Debug|Any CPU
		{318CC8B6-2761-4DDE-9090-D2889806B262}.Debug|Any CPU.Build.0 = Debug|Any CPU
		{318CC8B6-2761-4DDE-9090-D2889806B262}.Release|Any CPU.ActiveCfg = Release|Any CPU
		{318CC8B6-2761-4DDE-9090-D2889806B262}.Release|Any CPU.Build.0 = Release|Any CPU
	EndGlobalSection
	GlobalSection(SolutionProperties) = preSolution
		HideSolutionNode = FALSE
	EndGlobalSection
	GlobalSection(ExtensibilityGlobals) = postSolution
		SolutionGuid = {6C5A4EF6-5BFA-42A3-80F6-50447DBC2B62}
	EndGlobalSection
EndGlobal
